
Microsoft Visual Studio Solution File, Format Version 12.00
# Visual Studio 15
VisualStudioVersion = 15.0.28307.1300
MinimumVisualStudioVersion = 10.0.40219.1
Project("{FAE04EC0-301F-11D3-BF4B-00C04F79EFBC}") = "EmployeePayRollMsTestRestSharp", "EmployeePayRollMsTestRestSharp\EmployeePayRollMsTestRestSharp.csproj", "{07C477CD-8E5B-4134-AD7E-D1A5B6F395F0}"
EndProject
Global
	GlobalSection(SolutionConfigurationPlatforms) = preSolution
		Debug|Any CPU = Debug|Any CPU
		Release|Any CPU = Release|Any CPU
	EndGlobalSection
	GlobalSection(ProjectConfigurationPlatforms) = postSolution
		{07C477CD-8E5B-4134-AD7E-D1A5B6F395F0}.Debug|Any CPU.ActiveCfg = Debug|Any CPU
		{07C477CD-8E5B-4134-AD7E-D1A5B6F395F0}.Debug|Any CPU.Build.0 = Debug|Any CPU
		{07C477CD-8E5B-4134-AD7E-D1A5B6F395F0}.Release|Any CPU.ActiveCfg = Release|Any CPU
		{07C477CD-8E5B-4134-AD7E-D1A5B6F395F0}.Release|Any CPU.Build.0 = Release|Any CPU
	EndGlobalSection
	GlobalSection(SolutionProperties) = preSolution
		HideSolutionNode = FALSE
	EndGlobalSection
	GlobalSection(ExtensibilityGlobals) = postSolution
		SolutionGuid = {0B8CD146-A462-4F58-BEC8-BE18D76DF9B5}
	EndGlobalSection
EndGlobal
